
Microsoft Visual Studio Solution File, Format Version 12.00
# Visual Studio Version 16
VisualStudioVersion = 16.0.30413.136
MinimumVisualStudioVersion = 10.0.40219.1
Project("{FAE04EC0-301F-11D3-BF4B-00C04F79EFBC}") = "Daniel.Playing YouTube video from WPF", "Daniel.Playing YouTube video from WPF\Daniel.Playing YouTube video from WPF.csproj", "{52F65663-129B-4FAF-AE61-C873B9BEBF27}"
EndProject
Global
	GlobalSection(SolutionConfigurationPlatforms) = preSolution
		Debug|Any CPU = Debug|Any CPU
		Release|Any CPU = Release|Any CPU
	EndGlobalSection
	GlobalSection(ProjectConfigurationPlatforms) = postSolution
		{52F65663-129B-4FAF-AE61-C873B9BEBF27}.Debug|Any CPU.ActiveCfg = Debug|Any CPU
		{52F65663-129B-4FAF-AE61-C873B9BEBF27}.Debug|Any CPU.Build.0 = Debug|Any CPU
		{52F65663-129B-4FAF-AE61-C873B9BEBF27}.Release|Any CPU.ActiveCfg = Release|Any CPU
		{52F65663-129B-4FAF-AE61-C873B9BEBF27}.Release|Any CPU.Build.0 = Release|Any CPU
	EndGlobalSection
	GlobalSection(SolutionProperties) = preSolution
		HideSolutionNode = FALSE
	EndGlobalSection
	GlobalSection(ExtensibilityGlobals) = postSolution
		SolutionGuid = {ACA68626-7F5E-43B3-8E9E-7F099E2FC0BA}
	EndGlobalSection
EndGlobal
